{
  "name": "deltacadd",
  "version": "1.0.0",
  "lockfileVersion": 1,
  "requires": true,
  "dependencies": {
    "mustache": {
      "version": "2.3.0",
      "resolved": "https://registry.npmjs.org/mustache/-/mustache-2.3.0.tgz",
      "integrity": "sha1-QCj3d4sXcIpImTCm5SrDvKDaQdA="
    },
    "plates": {
      "version": "0.4.11",
      "resolved": "https://registry.npmjs.org/plates/-/plates-0.4.11.tgz",
      "integrity": "sha1-Vs3yiG29bk2wktZbTHLj2nrGF48="
    }
  }
}
